
Microsoft Visual Studio Solution File, Format Version 12.00
# Visual Studio Version 16
VisualStudioVersion = 16.0.31321.278
MinimumVisualStudioVersion = 10.0.40219.1
Project("{FAE04EC0-301F-11D3-BF4B-00C04F79EFBC}") = "ATC.Framework", "Framework\ATC.Framework.csproj", "{733A0599-C5C2-422C-8BFB-85DA86BD475E}"
EndProject
Global
	GlobalSection(SolutionConfigurationPlatforms) = preSolution
		Debug|Any CPU = Debug|Any CPU
		Release|Any CPU = Release|Any CPU
	EndGlobalSection
	GlobalSection(ProjectConfigurationPlatforms) = postSolution
		{733A0599-C5C2-422C-8BFB-85DA86BD475E}.Debug|Any CPU.ActiveCfg = Debug|Any CPU
		{733A0599-C5C2-422C-8BFB-85DA86BD475E}.Debug|Any CPU.Build.0 = Debug|Any CPU
		{733A0599-C5C2-422C-8BFB-85DA86BD475E}.Release|Any CPU.ActiveCfg = Release|Any CPU
		{733A0599-C5C2-422C-8BFB-85DA86BD475E}.Release|Any CPU.Build.0 = Release|Any CPU
	EndGlobalSection
	GlobalSection(SolutionProperties) = preSolution
		HideSolutionNode = FALSE
	EndGlobalSection
	GlobalSection(ExtensibilityGlobals) = postSolution
		SolutionGuid = {1FC3A099-D77C-4636-B40A-4A5240EB9BA8}
	EndGlobalSection
EndGlobal
